
Microsoft Visual Studio Solution File, Format Version 12.00
# Visual Studio Version 16
VisualStudioVersion = 16.0.29519.87
MinimumVisualStudioVersion = 10.0.40219.1
Project("{FAE04EC0-301F-11D3-BF4B-00C04F79EFBC}") = "Water.Android", "Water\Water.Android\Water.Android.csproj", "{075DF4BC-08FB-4254-9606-7B6391CAE6CC}"
EndProject
Project("{FAE04EC0-301F-11D3-BF4B-00C04F79EFBC}") = "Water", "Water\Water\Water.csproj", "{B3A913F5-87FF-4961-BF8F-E0E71FE179B6}"
EndProject
Global
	GlobalSection(SolutionConfigurationPlatforms) = preSolution
		Debug|Any CPU = Debug|Any CPU
		Release|Any CPU = Release|Any CPU
	EndGlobalSection
	GlobalSection(ProjectConfigurationPlatforms) = postSolution
		{075DF4BC-08FB-4254-9606-7B6391CAE6CC}.Debug|Any CPU.ActiveCfg = Debug|Any CPU
		{075DF4BC-08FB-4254-9606-7B6391CAE6CC}.Debug|Any CPU.Build.0 = Debug|Any CPU
		{075DF4BC-08FB-4254-9606-7B6391CAE6CC}.Debug|Any CPU.Deploy.0 = Debug|Any CPU
		{075DF4BC-08FB-4254-9606-7B6391CAE6CC}.Release|Any CPU.ActiveCfg = Release|Any CPU
		{075DF4BC-08FB-4254-9606-7B6391CAE6CC}.Release|Any CPU.Build.0 = Release|Any CPU
		{075DF4BC-08FB-4254-9606-7B6391CAE6CC}.Release|Any CPU.Deploy.0 = Release|Any CPU
		{B3A913F5-87FF-4961-BF8F-E0E71FE179B6}.Debug|Any CPU.ActiveCfg = Debug|Any CPU
		{B3A913F5-87FF-4961-BF8F-E0E71FE179B6}.Debug|Any CPU.Build.0 = Debug|Any CPU
		{B3A913F5-87FF-4961-BF8F-E0E71FE179B6}.Debug|Any CPU.Deploy.0 = Debug|Any CPU
		{B3A913F5-87FF-4961-BF8F-E0E71FE179B6}.Release|Any CPU.ActiveCfg = Release|Any CPU
		{B3A913F5-87FF-4961-BF8F-E0E71FE179B6}.Release|Any CPU.Build.0 = Release|Any CPU
		{B3A913F5-87FF-4961-BF8F-E0E71FE179B6}.Release|Any CPU.Deploy.0 = Release|Any CPU
	EndGlobalSection
	GlobalSection(SolutionProperties) = preSolution
		HideSolutionNode = FALSE
	EndGlobalSection
	GlobalSection(ExtensibilityGlobals) = postSolution
		SolutionGuid = {495558EA-2847-4B97-BB32-72E60283A8AB}
	EndGlobalSection
EndGlobal
